Microsoft Visual Studio Solution File, Format Version 12.00
# Visual Studio Version 17
VisualStudioVersion = 17.5.2.0
MinimumVisualStudioVersion = 10.0.40219.1
Project("{FAE04EC0-301F-11D3-BF4B-00C04F79EFBC}") = "SmartFeedbackAPI", "SmartFeedbackAPI.csproj", "{858A68B1-70F6-4858-DC3D-8C56AC050D99}"
EndProject
Global
	GlobalSection(SolutionConfigurationPlatforms) = preSolution
		Debug|Any CPU = Debug|Any CPU
		Release|Any CPU = Release|Any CPU
	EndGlobalSection
	GlobalSection(ProjectConfigurationPlatforms) = postSolution
		{858A68B1-70F6-4858-DC3D-8C56AC050D99}.Debug|Any CPU.ActiveCfg = Debug|Any CPU
		{858A68B1-70F6-4858-DC3D-8C56AC050D99}.Debug|Any CPU.Build.0 = Debug|Any CPU
		{858A68B1-70F6-4858-DC3D-8C56AC050D99}.Release|Any CPU.ActiveCfg = Release|Any CPU
		{858A68B1-70F6-4858-DC3D-8C56AC050D99}.Release|Any CPU.Build.0 = Release|Any CPU
	EndGlobalSection
	GlobalSection(SolutionProperties) = preSolution
		HideSolutionNode = FALSE
	EndGlobalSection
	GlobalSection(ExtensibilityGlobals) = postSolution
		SolutionGuid = {F89B350A-586A-4E55-9057-4EAB996C73A5}
	EndGlobalSection
EndGlobal
